
Microsoft Visual Studio Solution File, Format Version 12.00
# Visual Studio Version 16
VisualStudioVersion = 16.0.30804.86
MinimumVisualStudioVersion = 10.0.40219.1
Project("{8BC9CEB8-8B4A-11D0-8D11-00A0C91BC942}") = "YasEngineGL", "YasEngineGL\YasEngineGL.vcxproj", "{0F51C607-E18E-4E69-BB73-9033C581D02C}"
EndProject
Project("{8BC9CEB8-8B4A-11D0-8D11-00A0C91BC942}") = "BasicsOfGraphicsProgramming", "BasicsOfGraphicsProgramming\BasicsOfGraphicsProgramming.vcxproj", "{CACF2845-6C8B-485F-9EC9-2A3A88798E53}"
EndProject
Project("{8BC9CEB8-8B4A-11D0-8D11-00A0C91BC942}") = "YasEngineSoftware", "YasEngineSoftware\YasEngineSoftware.vcxproj", "{A1D57BFB-6144-4ED5-80F9-CA7597188C0A}"
EndProject
Global
	GlobalSection(SolutionConfigurationPlatforms) = preSolution
		Debug|x64 = Debug|x64
		Debug|x86 = Debug|x86
		Release|x64 = Release|x64
		Release|x86 = Release|x86
	EndGlobalSection
	GlobalSection(ProjectConfigurationPlatforms) = postSolution
		{0F51C607-E18E-4E69-BB73-9033C581D02C}.Debug|x64.ActiveCfg = Debug|x64
		{0F51C607-E18E-4E69-BB73-9033C581D02C}.Debug|x64.Build.0 = Debug|x64
		{0F51C607-E18E-4E69-BB73-9033C581D02C}.Debug|x86.ActiveCfg = Debug|Win32
		{0F51C607-E18E-4E69-BB73-9033C581D02C}.Debug|x86.Build.0 = Debug|Win32
		{0F51C607-E18E-4E69-BB73-9033C581D02C}.Release|x64.ActiveCfg = Release|x64
		{0F51C607-E18E-4E69-BB73-9033C581D02C}.Release|x64.Build.0 = Release|x64
		{0F51C607-E18E-4E69-BB73-9033C581D02C}.Release|x86.ActiveCfg = Release|Win32
		{0F51C607-E18E-4E69-BB73-9033C581D02C}.Release|x86.Build.0 = Release|Win32
		{CACF2845-6C8B-485F-9EC9-2A3A88798E53}.Debug|x64.ActiveCfg = Debug|x64
		{CACF2845-6C8B-485F-9EC9-2A3A88798E53}.Debug|x64.Build.0 = Debug|x64
		{CACF2845-6C8B-485F-9EC9-2A3A88798E53}.Debug|x86.ActiveCfg = Debug|Win32
		{CACF2845-6C8B-485F-9EC9-2A3A88798E53}.Debug|x86.Build.0 = Debug|Win32
		{CACF2845-6C8B-485F-9EC9-2A3A88798E53}.Release|x64.ActiveCfg = Release|x64
		{CACF2845-6C8B-485F-9EC9-2A3A88798E53}.Release|x64.Build.0 = Release|x64
		{CACF2845-6C8B-485F-9EC9-2A3A88798E53}.Release|x86.ActiveCfg = Release|Win32
		{CACF2845-6C8B-485F-9EC9-2A3A88798E53}.Release|x86.Build.0 = Release|Win32
		{A1D57BFB-6144-4ED5-80F9-CA7597188C0A}.Debug|x64.ActiveCfg = Debug|x64
		{A1D57BFB-6144-4ED5-80F9-CA7597188C0A}.Debug|x64.Build.0 = Debug|x64
		{A1D57BFB-6144-4ED5-80F9-CA7597188C0A}.Debug|x86.ActiveCfg = Debug|Win32
		{A1D57BFB-6144-4ED5-80F9-CA7597188C0A}.Debug|x86.Build.0 = Debug|Win32
		{A1D57BFB-6144-4ED5-80F9-CA7597188C0A}.Release|x64.ActiveCfg = Release|x64
		{A1D57BFB-6144-4ED5-80F9-CA7597188C0A}.Release|x64.Build.0 = Release|x64
		{A1D57BFB-6144-4ED5-80F9-CA7597188C0A}.Release|x86.ActiveCfg = Release|Win32
		{A1D57BFB-6144-4ED5-80F9-CA7597188C0A}.Release|x86.Build.0 = Release|Win32
	EndGlobalSection
	GlobalSection(SolutionProperties) = preSolution
		HideSolutionNode = FALSE
	EndGlobalSection
	GlobalSection(ExtensibilityGlobals) = postSolution
		SolutionGuid = {3A67D600-8098-4B88-96D0-BEE034BC45B2}
	EndGlobalSection
EndGlobal
